// !$*UTF8*$!
{
	archiveVersion = 1;
	classes = {
	};
	objectVersion = 56;
	objects = {

/* Begin PBXBuildFile section */
		7713B57129E58D7100FE7CEC /* Flashcard.swift in Sources */ = {isa = PBXBuildFile; fileRef = 7713B57029E58D7100FE7CEC /* Flashcard.swift */; };
		7713B57429E58DE800FE7CEC /* Quiz.swift in Sources */ = {isa = PBXBuildFile; fileRef = 7713B57329E58DE800FE7CEC /* Quiz.swift */; };
		7713B57829E593AD00FE7CEC /* CameraView.swift in Sources */ = {isa = PBXBuildFile; fileRef = 7713B57729E593AD00FE7CEC /* CameraView.swift */; };
		7796898729E51B12003240D1 /* Swift_Student_ChallengeApp.swift in Sources */ = {isa = PBXBuildFile; fileRef = 7796898629E51B12003240D1 /* Swift_Student_ChallengeApp.swift */; };
		7796898929E51B12003240D1 /* ContentView.swift in Sources */ = {isa = PBXBuildFile; fileRef = 7796898829E51B12003240D1 /* ContentView.swift */; };
		7796898B29E51B13003240D1 /* Assets.xcassets in Resources */ = {isa = PBXBuildFile; fileRef = 7796898A29E51B13003240D1 /* Assets.xcassets */; };
		7796898F29E51B13003240D1 /* Preview Assets.xcassets in Resources */ = {isa = PBXBuildFile; fileRef = 7796898E29E51B13003240D1 /* Preview Assets.xcassets */; };
		7796899929E51B14003240D1 /* Swift_Student_ChallengeTests.swift in Sources */ = {isa = PBXBuildFile; fileRef = 7796899829E51B14003240D1 /* Swift_Student_ChallengeTests.swift */; };
		779689A329E51B14003240D1 /* Swift_Student_ChallengeUITests.swift in Sources */ = {isa = PBXBuildFile; fileRef = 779689A229E51B14003240D1 /* Swift_Student_ChallengeUITests.swift */; };
		779689A529E51B14003240D1 /* Swift_Student_ChallengeUITestsLaunchTests.swift in Sources */ = {isa = PBXBuildFile; fileRef = 779689A429E51B14003240D1 /* Swift_Student_ChallengeUITestsLaunchTests.swift */; };
/* End PBXBuildFile section */

/* Begin PBXContainerItemProxy section */
		7796899529E51B14003240D1 /* PBXContainerItemProxy */ = {
			isa = PBXContainerItemProxy;
			containerPortal = 7796897B29E51B12003240D1 /* Project object */;
			proxyType = 1;
			remoteGlobalIDString = 7796898229E51B12003240D1;
			remoteInfo = "Swift Student Challenge";
		};
		7796899F29E51B14003240D1 /* PBXContainerItemProxy */ = {
			isa = PBXContainerItemProxy;
			containerPortal = 7796897B29E51B12003240D1 /* Project object */;
			proxyType = 1;
			remoteGlobalIDString = 7796898229E51B12003240D1;
			remoteInfo = "Swift Student Challenge";
		};
/* End PBXContainerItemProxy section */

/* Begin PBXFileReference section */
		7713B57029E58D7100FE7CEC /* Flashcard.swift */ = {isa = PBXFileReference; lastKnownFileType = sourcecode.swift; path = Flashcard.swift; sourceTree = "<group>"; };
		7713B57329E58DE800FE7CEC /* Quiz.swift */ = {isa = PBXFileReference; lastKnownFileType = sourcecode.swift; path = Quiz.swift; sourceTree = "<group>"; };
		7713B57729E593AD00FE7CEC /* CameraView.swift */ = {isa = PBXFileReference; lastKnownFileType = sourcecode.swift; path = CameraView.swift; sourceTree = "<group>"; };
		7796898329E51B12003240D1 /* Swift Student Challenge.app */ = {isa = PBXFileReference; explicitFileType = wrapper.application; includeInIndex = 0; path = "Swift Student Challenge.app"; sourceTree = BUILT_PRODUCTS_DIR; };
		7796898629E51B12003240D1 /* Swift_Student_ChallengeApp.swift */ = {isa = PBXFileReference; lastKnownFileType = sourcecode.swift; path = Swift_Student_ChallengeApp.swift; sourceTree = "<group>"; };
		7796898829E51B12003240D1 /* ContentView.swift */ = {isa = PBXFileReference; lastKnownFileType = sourcecode.swift; path = ContentView.swift; sourceTree = "<group>"; };
		7796898A29E51B13003240D1 /* Assets.xcassets */ = {isa = PBXFileReference; lastKnownFileType = folder.assetcatalog; path = Assets.xcassets; sourceTree = "<group>"; };
		7796898C29E51B13003240D1 /* Swift_Student_Challenge.entitlements */ = {isa = PBXFileReference; lastKnownFileType = text.plist.entitlements; path = Swift_Student_Challenge.entitlements; sourceTree = "<group>"; };
		7796898E29E51B13003240D1 /* Preview Assets.xcassets */ = {isa = PBXFileReference; lastKnownFileType = folder.assetcatalog; path = "Preview Assets.xcassets"; sourceTree = "<group>"; };
		7796899429E51B14003240D1 /* Swift Student ChallengeTests.xctest */ = {isa = PBXFileReference; explicitFileType = wrapper.cfbundle; includeInIndex = 0; path = "Swift Student ChallengeTests.xctest"; sourceTree = BUILT_PRODUCTS_DIR; };
		7796899829E51B14003240D1 /* Swift_Student_ChallengeTests.swift */ = {isa = PBXFileReference; lastKnownFileType = sourcecode.swift; path = Swift_Student_ChallengeTests.swift; sourceTree = "<group>"; };
		7796899E29E51B14003240D1 /* Swift Student ChallengeUITests.xctest */ = {isa = PBXFileReference; explicitFileType = wrapper.cfbundle; includeInIndex = 0; path = "Swift Student ChallengeUITests.xctest"; sourceTree = BUILT_PRODUCTS_DIR; };
		779689A229E51B14003240D1 /* Swift_Student_ChallengeUITests.swift */ = {isa = PBXFileReference; lastKnownFileType = sourcecode.swift; path = Swift_Student_ChallengeUITests.swift; sourceTree = "<group>"; };
		779689A429E51B14003240D1 /* Swift_Student_ChallengeUITestsLaunchTests.swift */ = {isa = PBXFileReference; lastKnownFileType = sourcecode.swift; path = Swift_Student_ChallengeUITestsLaunchTests.swift; sourceTree = "<group>"; };
/* End PBXFileReference section */

/* Begin PBXFrameworksBuildPhase section */
		7796898029E51B12003240D1 /* Frameworks */ = {
			isa = PBXFrameworksBuildPhase;
			buildActionMask = 2147483647;
			files = (
			);
			runOnlyForDeploymentPostprocessing = 0;
		};
		7796899129E51B14003240D1 /* Frameworks */ = {
			isa = PBXFrameworksBuildPhase;
			buildActionMask = 2147483647;
			files = (
			);
			runOnlyForDeploymentPostprocessing = 0;
		};
		7796899B29E51B14003240D1 /* Frameworks */ = {
			isa = PBXFrameworksBuildPhase;
			buildActionMask = 2147483647;
			files = (
			);
			runOnlyForDeploymentPostprocessing = 0;
		};
/* End PBXFrameworksBuildPhase section */

/* Begin PBXGroup section */
		7713B57229E58DD900FE7CEC /* Views */ = {
			isa = PBXGroup;
			children = (
				7713B57029E58D7100FE7CEC /* Flashcard.swift */,
				7713B57329E58DE800FE7CEC /* Quiz.swift */,
				7713B57729E593AD00FE7CEC /* CameraView.swift */,
			);
			path = Views;
			sourceTree = "<group>";
		};
		7796897A29E51B12003240D1 = {
			isa = PBXGroup;
			children = (
				7796898529E51B12003240D1 /* Swift Student Challenge */,
				7796899729E51B14003240D1 /* Swift Student ChallengeTests */,
				779689A129E51B14003240D1 /* Swift Student ChallengeUITests */,
				7796898429E51B12003240D1 /* Products */,
			);
			sourceTree = "<group>";
		};
		7796898429E51B12003240D1 /* Products */ = {
			isa = PBXGroup;
			children = (
				7796898329E51B12003240D1 /* Swift Student Challenge.app */,
				7796899429E51B14003240D1 /* Swift Student ChallengeTests.xctest */,
				7796899E29E51B14003240D1 /* Swift Student ChallengeUITests.xctest */,
			);
			name = Products;
			sourceTree = "<group>";
		};
		7796898529E51B12003240D1 /* Swift Student Challenge */ = {
			isa = PBXGroup;
			children = (
				7796898629E51B12003240D1 /* Swift_Student_ChallengeApp.swift */,
				7796898829E51B12003240D1 /* ContentView.swift */,
				7713B57229E58DD900FE7CEC /* Views */,
				7796898A29E51B13003240D1 /* Assets.xcassets */,
				7796898C29E51B13003240D1 /* Swift_Student_Challenge.entitlements */,
				7796898D29E51B13003240D1 /* Preview Content */,
			);
			path = "Swift Student Challenge";
			sourceTree = "<group>";
		};
		7796898D29E51B13003240D1 /* Preview Content */ = {
			isa = PBXGroup;
			children = (
				7796898E29E51B13003240D1 /* Preview Assets.xcassets */,
			);
			path = "Preview Content";
			sourceTree = "<group>";
		};
		7796899729E51B14003240D1 /* Swift Student ChallengeTests */ = {
			isa = PBXGroup;
			children = (
				7796899829E51B14003240D1 /* Swift_Student_ChallengeTests.swift */,
			);
			path = "Swift Student ChallengeTests";
			sourceTree = "<group>";
		};
		779689A129E51B14003240D1 /* Swift Student ChallengeUITests */ = {
			isa = PBXGroup;
			children = (
				779689A229E51B14003240D1 /* Swift_Student_ChallengeUITests.swift */,
				779689A429E51B14003240D1 /* Swift_Student_ChallengeUITestsLaunchTests.swift */,
			);
			path = "Swift Student ChallengeUITests";
			sourceTree = "<group>";
		};
/* End PBXGroup section */

/* Begin PBXNativeTarget section */
		7796898229E51B12003240D1 /* Swift Student Challenge */ = {
			isa = PBXNativeTarget;
			buildConfigurationList = 779689A829E51B14003240D1 /* Build configuration list for PBXNativeTarget "Swift Student Challenge" */;
			buildPhases = (
				7796897F29E51B12003240D1 /* Sources */,
				7796898029E51B12003240D1 /* Frameworks */,
				7796898129E51B12003240D1 /* Resources */,
			);
			buildRules = (
			);
			dependencies = (
			);
			name = "Swift Student Challenge";
			productName = "Swift Student Challenge";
			productReference = 7796898329E51B12003240D1 /* Swift Student Challenge.app */;
			productType = "com.apple.product-type.application";
		};
		7796899329E51B14003240D1 /* Swift Student ChallengeTests */ = {
			isa = PBXNativeTarget;
			buildConfigurationList = 779689AB29E51B14003240D1 /* Build configuration list for PBXNativeTarget "Swift Student ChallengeTests" */;
			buildPhases = (
				7796899029E51B14003240D1 /* Sources */,
				7796899129E51B14003240D1 /* Frameworks */,
				7796899229E51B14003240D1 /* Resources */,
			);
			buildRules = (
			);
			dependencies = (
				7796899629E51B14003240D1 /* PBXTargetDependency */,
			);
			name = "Swift Student ChallengeTests";
			productName = "Swift Student ChallengeTests";
			productReference = 7796899429E51B14003240D1 /* Swift Student ChallengeTests.xctest */;
			productType = "com.apple.product-type.bundle.unit-test";
		};
		7796899D29E51B14003240D1 /* Swift Student ChallengeUITests */ = {
			isa = PBXNativeTarget;
			buildConfigurationList = 779689AE29E51B14003240D1 /* Build configuration list for PBXNativeTarget "Swift Student ChallengeUITests" */;
			buildPhases = (
				7796899A29E51B14003240D1 /* Sources */,
				7796899B29E51B14003240D1 /* Frameworks */,
				7796899C29E51B14003240D1 /* Resources */,
			);
			buildRules = (
			);
			dependencies = (
				779689A029E51B14003240D1 /* PBXTargetDependency */,
			);
			name = "Swift Student ChallengeUITests";
			productName = "Swift Student ChallengeUITests";
			productReference = 7796899E29E51B14003240D1 /* Swift Student ChallengeUITests.xctest */;
			productType = "com.apple.product-type.bundle.ui-testing";
		};
/* End PBXNativeTarget section */

/* Begin PBXProject section */
		7796897B29E51B12003240D1 /* Project object */ = {
			isa = PBXProject;
			attributes = {
				BuildIndependentTargetsInParallel = 1;
				LastSwiftUpdateCheck = 1420;
				LastUpgradeCheck = 1420;
				TargetAttributes = {
					7796898229E51B12003240D1 = {
						CreatedOnToolsVersion = 14.2;
					};
					7796899329E51B14003240D1 = {
						CreatedOnToolsVersion = 14.2;
						TestTargetID = 7796898229E51B12003240D1;
					};
					7796899D29E51B14003240D1 = {
						CreatedOnToolsVersion = 14.2;
						TestTargetID = 7796898229E51B12003240D1;
					};
				};
			};
			buildConfigurationList = 7796897E29E51B12003240D1 /* Build configuration list for PBXProject "Swift Student Challenge" */;
			compatibilityVersion = "Xcode 14.0";
			developmentRegion = en;
			hasScannedForEncodings = 0;
			knownRegions = (
				en,
				Base,
			);
			mainGroup = 7796897A29E51B12003240D1;
			productRefGroup = 7796898429E51B12003240D1 /* Products */;
			projectDirPath = "";
			projectRoot = "";
			targets = (
				7796898229E51B12003240D1 /* Swift Student Challenge */,
				7796899329E51B14003240D1 /* Swift Student ChallengeTests */,
				7796899D29E51B14003240D1 /* Swift Student ChallengeUITests */,
			);
		};
/* End PBXProject section */

/* Begin PBXResourcesBuildPhase section */
		7796898129E51B12003240D1 /* Resources */ = {
			isa = PBXResourcesBuildPhase;
			buildActionMask = 2147483647;
			files = (
				7796898F29E51B13003240D1 /* Preview Assets.xcassets in Resources */,
				7796898B29E51B13003240D1 /* Assets.xcassets in Resources */,
			);
			runOnlyForDeploymentPostprocessing = 0;
		};
		7796899229E51B14003240D1 /* Resources */ = {
			isa = PBXResourcesBuildPhase;
			buildActionMask = 2147483647;
			files = (
			);
			runOnlyForDeploymentPostprocessing = 0;
		};
		7796899C29E51B14003240D1 /* Resources */ = {
			isa = PBXResourcesBuildPhase;
			buildActionMask = 2147483647;
			files = (
			);
			runOnlyForDeploymentPostprocessing = 0;
		};
/* End PBXResourcesBuildPhase section */

/* Begin PBXSourcesBuildPhase section */
		7796897F29E51B12003240D1 /* Sources */ = {
			isa = PBXSourcesBuildPhase;
			buildActionMask = 2147483647;
			files = (
				7713B57129E58D7100FE7CEC /* Flashcard.swift in Sources */,
				7796898929E51B12003240D1 /* ContentView.swift in Sources */,
				7713B57429E58DE800FE7CEC /* Quiz.swift in Sources */,
				7713B57829E593AD00FE7CEC /* CameraView.swift in Sources */,
				7796898729E51B12003240D1 /* Swift_Student_ChallengeApp.swift in Sources */,
			);
			runOnlyForDeploymentPostprocessing = 0;
		};
		7796899029E51B14003240D1 /* Sources */ = {
			isa = PBXSourcesBuildPhase;
			buildActionMask = 2147483647;
			files = (
				7796899929E51B14003240D1 /* Swift_Student_ChallengeTests.swift in Sources */,
			);
			runOnlyForDeploymentPostprocessing = 0;
		};
		7796899A29E51B14003240D1 /* Sources */ = {
			isa = PBXSourcesBuildPhase;
			buildActionMask = 2147483647;
			files = (
				779689A529E51B14003240D1 /* Swift_Student_ChallengeUITestsLaunchTests.swift in Sources */,
				779689A329E51B14003240D1 /* Swift_Student_ChallengeUITests.swift in Sources */,
			);
			runOnlyForDeploymentPostprocessing = 0;
		};
/* End PBXSourcesBuildPhase section */

/* Begin PBXTargetDependency section */
		7796899629E51B14003240D1 /* PBXTargetDependency */ = {
			isa = PBXTargetDependency;
			target = 7796898229E51B12003240D1 /* Swift Student Challenge */;
			targetProxy = 7796899529E51B14003240D1 /* PBXContainerItemProxy */;
		};
		779689A029E51B14003240D1 /* PBXTargetDependency */ = {
			isa = PBXTargetDependency;
			target = 7796898229E51B12003240D1 /* Swift Student Challenge */;
			targetProxy = 7796899F29E51B14003240D1 /* PBXContainerItemProxy */;
		};
/* End PBXTargetDependency section */

/* Begin XCBuildConfiguration section */
		779689A629E51B14003240D1 /* Debug */ = {
			isa = XCBuildConfiguration;
			buildSettings = {
				ALWAYS_SEARCH_USER_PATHS = NO;
				CLANG_ANALYZER_NONNULL = YES;
				CLANG_ANALYZER_NUMBER_OBJECT_CONVERSION = YES_AGGRESSIVE;
				CLANG_CXX_LANGUAGE_STANDARD = "gnu++20";
				CLANG_ENABLE_MODULES = YES;
				CLANG_ENABLE_OBJC_ARC = YES;
				CLANG_ENABLE_OBJC_WEAK = YES;
				CLANG_WARN_BLOCK_CAPTURE_AUTORELEASING = YES;
				CLANG_WARN_BOOL_CONVERSION = YES;
				CLANG_WARN_COMMA = YES;
				CLANG_WARN_CONSTANT_CONVERSION = YES;
				CLANG_WARN_DEPRECATED_OBJC_IMPLEMENTATIONS = YES;
				CLANG_WARN_DIRECT_OBJC_ISA_USAGE = YES_ERROR;
				CLANG_WARN_DOCUMENTATION_COMMENTS = YES;
				CLANG_WARN_EMPTY_BODY = YES;
				CLANG_WARN_ENUM_CONVERSION = YES;
				CLANG_WARN_INFINITE_RECURSION = YES;
				CLANG_WARN_INT_CONVERSION = YES;
				CLANG_WARN_NON_LITERAL_NULL_CONVERSION = YES;
				CLANG_WARN_OBJC_IMPLICIT_RETAIN_SELF = YES;
				CLANG_WARN_OBJC_LITERAL_CONVERSION = YES;
				CLANG_WARN_OBJC_ROOT_CLASS = YES_ERROR;
				CLANG_WARN_QUOTED_INCLUDE_IN_FRAMEWORK_HEADER = YES;
				CLANG_WARN_RANGE_LOOP_ANALYSIS = YES;
				CLANG_WARN_STRICT_PROTOTYPES = YES;
				CLANG_WARN_SUSPICIOUS_MOVE = YES;
				CLANG_WARN_UNGUARDED_AVAILABILITY = YES_AGGRESSIVE;
				CLANG_WARN_UNREACHABLE_CODE = YES;
				CLANG_WARN__DUPLICATE_METHOD_MATCH = YES;
				COPY_PHASE_STRIP = NO;
				DEBUG_INFORMATION_FORMAT = dwarf;
				ENABLE_STRICT_OBJC_MSGSEND = YES;
				ENABLE_TESTABILITY = YES;
				GCC_C_LANGUAGE_STANDARD = gnu11;
				GCC_DYNAMIC_NO_PIC = NO;
				GCC_NO_COMMON_BLOCKS = YES;
				GCC_OPTIMIZATION_LEVEL = 0;
				GCC_PREPROCESSOR_DEFINITIONS = (
					"DEBUG=1",
					"$(inherited)",
				);
				GCC_WARN_64_TO_32_BIT_CONVERSION = YES;
				GCC_WARN_ABOUT_RETURN_TYPE = YES_ERROR;
				GCC_WARN_UNDECLARED_SELECTOR = YES;
				GCC_WARN_UNINITIALIZED_AUTOS = YES_AGGRESSIVE;
				GCC_WARN_UNUSED_FUNCTION = YES;
				GCC_WARN_UNUSED_VARIABLE = YES;
				MTL_ENABLE_DEBUG_INFO = INCLUDE_SOURCE;
				MTL_FAST_MATH = YES;
				ONLY_ACTIVE_ARCH = YES;
				SWIFT_ACTIVE_COMPILATION_CONDITIONS = DEBUG;
				SWIFT_OPTIMIZATION_LEVEL = "-Onone";
			};
			name = Debug;
		};
		779689A729E51B14003240D1 /* Release */ = {
			isa = XCBuildConfiguration;
			buildSettings = {
				ALWAYS_SEARCH_USER_PATHS = NO;
				CLANG_ANALYZER_NONNULL = YES;
				CLANG_ANALYZER_NUMBER_OBJECT_CONVERSION = YES_AGGRESSIVE;
				CLANG_CXX_LANGUAGE_STANDARD = "gnu++20";
				CLANG_ENABLE_MODULES = YES;
				CLANG_ENABLE_OBJC_ARC = YES;
				CLANG_ENABLE_OBJC_WEAK = YES;
				CLANG_WARN_BLOCK_CAPTURE_AUTORELEASING = YES;
				CLANG_WARN_BOOL_CONVERSION = YES;
				CLANG_WARN_COMMA = YES;
				CLANG_WARN_CONSTANT_CONVERSION = YES;
				CLANG_WARN_DEPRECATED_OBJC_IMPLEMENTATIONS = YES;
				CLANG_WARN_DIRECT_OBJC_ISA_USAGE = YES_ERROR;
				CLANG_WARN_DOCUMENTATION_COMMENTS = YES;
				CLANG_WARN_EMPTY_BODY = YES;
				CLANG_WARN_ENUM_CONVERSION = YES;
				CLANG_WARN_INFINITE_RECURSION = YES;
				CLANG_WARN_INT_CONVERSION = YES;
				CLANG_WARN_NON_LITERAL_NULL_CONVERSION = YES;
				CLANG_WARN_OBJC_IMPLICIT_RETAIN_SELF = YES;
				CLANG_WARN_OBJC_LITERAL_CONVERSION = YES;
				CLANG_WARN_OBJC_ROOT_CLASS = YES_ERROR;
				CLANG_WARN_QUOTED_INCLUDE_IN_FRAMEWORK_HEADER = YES;
				CLANG_WARN_RANGE_LOOP_ANALYSIS = YES;
				CLANG_WARN_STRICT_PROTOTYPES = YES;
				CLANG_WARN_SUSPICIOUS_MOVE = YES;
				CLANG_WARN_UNGUARDED_AVAILABILITY = YES_AGGRESSIVE;
				CLANG_WARN_UNREACHABLE_CODE = YES;
				CLANG_WARN__DUPLICATE_METHOD_MATCH = YES;
				COPY_PHASE_STRIP = NO;
				DEBUG_INFORMATION_FORMAT = "dwarf-with-dsym";
				ENABLE_NS_ASSERTIONS = NO;
				ENABLE_STRICT_OBJC_MSGSEND = YES;
				GCC_C_LANGUAGE_STANDARD = gnu11;
				GCC_NO_COMMON_BLOCKS = YES;
				GCC_WARN_64_TO_32_BIT_CONVERSION = YES;
				GCC_WARN_ABOUT_RETURN_TYPE = YES_ERROR;
				GCC_WARN_UNDECLARED_SELECTOR = YES;
				GCC_WARN_UNINITIALIZED_AUTOS = YES_AGGRESSIVE;
				GCC_WARN_UNUSED_FUNCTION = YES;
				GCC_WARN_UNUSED_VARIABLE = YES;
				MTL_ENABLE_DEBUG_INFO = NO;
				MTL_FAST_MATH = YES;
				SWIFT_COMPILATION_MODE = wholemodule;
				SWIFT_OPTIMIZATION_LEVEL = "-O";
			};
			name = Release;
		};
		779689A929E51B14003240D1 /* Debug */ = {
			isa = XCBuildConfiguration;
			buildSettings = {
				ASSETCATALOG_COMPILER_APPICON_NAME = AppIcon;
				ASSETCATALOG_COMPILER_GLOBAL_ACCENT_COLOR_NAME = AccentColor;
				CODE_SIGN_ENTITLEMENTS = "Swift Student Challenge/Swift_Student_Challenge.entitlements";
				"CODE_SIGN_IDENTITY[sdk=macosx*]" = "-";
				CODE_SIGN_STYLE = Automatic;
				CURRENT_PROJECT_VERSION = 1;
				DEVELOPMENT_ASSET_PATHS = "\"Swift Student Challenge/Preview Content\"";
				ENABLE_PREVIEWS = YES;
				GENERATE_INFOPLIST_FILE = YES;
				"INFOPLIST_KEY_UIApplicationSceneManifest_Generation[sdk=iphoneos*]" = YES;
				"INFOPLIST_KEY_UIApplicationSceneManifest_Generation[sdk=iphonesimulator*]" = YES;
				"INFOPLIST_KEY_UIApplicationSupportsIndirectInputEvents[sdk=iphoneos*]" = YES;
				"INFOPLIST_KEY_UIApplicationSupportsIndirectInputEvents[sdk=iphonesimulator*]" = YES;
				"INFOPLIST_KEY_UILaunchScreen_Generation[sdk=iphoneos*]" = YES;
				"INFOPLIST_KEY_UILaunchScreen_Generation[sdk=iphonesimulator*]" = YES;
				"INFOPLIST_KEY_UIStatusBarStyle[sdk=iphoneos*]" = UIStatusBarStyleDefault;
				"INFOPLIST_KEY_UIStatusBarStyle[sdk=iphonesimulator*]" = UIStatusBarStyleDefault;
				INFOPLIST_KEY_UISupportedInterfaceOrientations_iPad = "UIInterfaceOrientationPortrait UIInterfaceOrientationPortraitUpsideDown UIInterfaceOrientationLandscapeLeft UIInterfaceOrientationLandscapeRight";
				INFOPLIST_KEY_UISupportedInterfaceOrientations_iPhone = "UIInterfaceOrientationPortrait UIInterfaceOrientationLandscapeLeft UIInterfaceOrientationLandscapeRight";
				IPHONEOS_DEPLOYMENT_TARGET = 16.2;
				LD_RUNPATH_SEARCH_PATHS = "@executable_path/Frameworks";
				"LD_RUNPATH_SEARCH_PATHS[sdk=macosx*]" = "@executable_path/../Frameworks";
				MACOSX_DEPLOYMENT_TARGET = 13.1;
				MARKETING_VERSION = 1.0;
				PRODUCT_BUNDLE_IDENTIFIER = "CalebHan.Swift-Student-Challenge";
				PRODUCT_NAME = "$(TARGET_NAME)";
				SDKROOT = auto;
				SUPPORTED_PLATFORMS = "iphoneos iphonesimulator macosx";
				SWIFT_EMIT_LOC_STRINGS = YES;
				SWIFT_VERSION = 5.0;
				TARGETED_DEVICE_FAMILY = "1,2";
			};
			name = Debug;
		};
		779689AA29E51B14003240D1 /* Release */ = {
			isa = XCBuildConfiguration;
			buildSettings = {
				ASSETCATALOG_COMPILER_APPICON_NAME = AppIcon;
				ASSETCATALOG_COMPILER_GLOBAL_ACCENT_COLOR_NAME = AccentColor;
				CODE_SIGN_ENTITLEMENTS = "Swift Student Challenge/Swift_Student_Challenge.entitlements";
				"CODE_SIGN_IDENTITY[sdk=macosx*]" = "-";
				CODE_SIGN_STYLE = Automatic;
				CURRENT_PROJECT_VERSION = 1;
				DEVELOPMENT_ASSET_PATHS = "\"Swift Student Challenge/Preview Content\"";
				ENABLE_PREVIEWS = YES;
				GENERATE_INFOPLIST_FILE = YES;
				"INFOPLIST_KEY_UIApplicationSceneManifest_Generation[sdk=iphoneos*]" = YES;
				"INFOPLIST_KEY_UIApplicationSceneManifest_Generation[sdk=iphonesimulator*]" = YES;
				"INFOPLIST_KEY_UIApplicationSupportsIndirectInputEvents[sdk=iphoneos*]" = YES;
				"INFOPLIST_KEY_UIApplicationSupportsIndirectInputEvents[sdk=iphonesimulator*]" = YES;
				"INFOPLIST_KEY_UILaunchScreen_Generation[sdk=iphoneos*]" = YES;
				"INFOPLIST_KEY_UILaunchScreen_Generation[sdk=iphonesimulator*]" = YES;
				"INFOPLIST_KEY_UIStatusBarStyle[sdk=iphoneos*]" = UIStatusBarStyleDefault;
				"INFOPLIST_KEY_UIStatusBarStyle[sdk=iphonesimulator*]" = UIStatusBarStyleDefault;
				INFOPLIST_KEY_UISupportedInterfaceOrientations_iPad = "UIInterfaceOrientationPortrait UIInterfaceOrientationPortraitUpsideDown UIInterfaceOrientationLandscapeLeft UIInterfaceOrientationLandscapeRight";
				INFOPLIST_KEY_UISupportedInterfaceOrientations_iPhone = "UIInterfaceOrientationPortrait UIInterfaceOrientationLandscapeLeft UIInterfaceOrientationLandscapeRight";
				IPHONEOS_DEPLOYMENT_TARGET = 16.2;
				LD_RUNPATH_SEARCH_PATHS = "@executable_path/Frameworks";
				"LD_RUNPATH_SEARCH_PATHS[sdk=macosx*]" = "@executable_path/../Frameworks";
				MACOSX_DEPLOYMENT_TARGET = 13.1;
				MARKETING_VERSION = 1.0;
				PRODUCT_BUNDLE_IDENTIFIER = "CalebHan.Swift-Student-Challenge";
				PRODUCT_NAME = "$(TARGET_NAME)";
				SDKROOT = auto;
				SUPPORTED_PLATFORMS = "iphoneos iphonesimulator macosx";
				SWIFT_EMIT_LOC_STRINGS = YES;
				SWIFT_VERSION = 5.0;
				TARGETED_DEVICE_FAMILY = "1,2";
			};
			name = Release;
		};
		779689AC29E51B14003240D1 /* Debug */ = {
			isa = XCBuildConfiguration;
			buildSettings = {
				ALWAYS_EMBED_SWIFT_STANDARD_LIBRARIES = YES;
				BUNDLE_LOADER = "$(TEST_HOST)";
				CODE_SIGN_STYLE = Automatic;
				CURRENT_PROJECT_VERSION = 1;
				GENERATE_INFOPLIST_FILE = YES;
				IPHONEOS_DEPLOYMENT_TARGET = 16.2;
				MACOSX_DEPLOYMENT_TARGET = 13.1;
				MARKETING_VERSION = 1.0;
				PRODUCT_BUNDLE_IDENTIFIER = "CalebHan.Swift-Student-ChallengeTests";
				PRODUCT_NAME = "$(TARGET_NAME)";
				SDKROOT = auto;
				SUPPORTED_PLATFORMS = "iphoneos iphonesimulator macosx";
				SWIFT_EMIT_LOC_STRINGS = NO;
				SWIFT_VERSION = 5.0;
				TARGETED_DEVICE_FAMILY = "1,2";
				TEST_HOST = "$(BUILT_PRODUCTS_DIR)/Swift Student Challenge.app/$(BUNDLE_EXECUTABLE_FOLDER_PATH)/Swift Student Challenge";
			};
			name = Debug;
		};
		779689AD29E51B14003240D1 /* Release */ = {
			isa = XCBuildConfiguration;
			buildSettings = {
				ALWAYS_EMBED_SWIFT_STANDARD_LIBRARIES = YES;
				BUNDLE_LOADER = "$(TEST_HOST)";
				CODE_SIGN_STYLE = Automatic;
				CURRENT_PROJECT_VERSION = 1;
				GENERATE_INFOPLIST_FILE = YES;
				IPHONEOS_DEPLOYMENT_TARGET = 16.2;
				MACOSX_DEPLOYMENT_TARGET = 13.1;
				MARKETING_VERSION = 1.0;
				PRODUCT_BUNDLE_IDENTIFIER = "CalebHan.Swift-Student-ChallengeTests";
				PRODUCT_NAME = "$(TARGET_NAME)";
				SDKROOT = auto;
				SUPPORTED_PLATFORMS = "iphoneos iphonesimulator macosx";
				SWIFT_EMIT_LOC_STRINGS = NO;
				SWIFT_VERSION = 5.0;
				TARGETED_DEVICE_FAMILY = "1,2";
				TEST_HOST = "$(BUILT_PRODUCTS_DIR)/Swift Student Challenge.app/$(BUNDLE_EXECUTABLE_FOLDER_PATH)/Swift Student Challenge";
			};
			name = Release;
		};
		779689AF29E51B14003240D1 /* Debug */ = {
			isa = XCBuildConfiguration;
			buildSettings = {
				ALWAYS_EMBED_SWIFT_STANDARD_LIBRARIES = YES;
				CODE_SIGN_STYLE = Automatic;
				CURRENT_PROJECT_VERSION = 1;
				GENERATE_INFOPLIST_FILE = YES;
				IPHONEOS_DEPLOYMENT_TARGET = 16.2;
				MACOSX_DEPLOYMENT_TARGET = 13.1;
				MARKETING_VERSION = 1.0;
				PRODUCT_BUNDLE_IDENTIFIER = "CalebHan.Swift-Student-ChallengeUITests";
				PRODUCT_NAME = "$(TARGET_NAME)";
				SDKROOT = auto;
				SUPPORTED_PLATFORMS = "iphoneos iphonesimulator macosx";
				SWIFT_EMIT_LOC_STRINGS = NO;
				SWIFT_VERSION = 5.0;
				TARGETED_DEVICE_FAMILY = "1,2";
				TEST_TARGET_NAME = "Swift Student Challenge";
			};
			name = Debug;
		};
		779689B029E51B14003240D1 /* Release */ = {
			isa = XCBuildConfiguration;
			buildSettings = {
				ALWAYS_EMBED_SWIFT_STANDARD_LIBRARIES = YES;
				CODE_SIGN_STYLE = Automatic;
				CURRENT_PROJECT_VERSION = 1;
				GENERATE_INFOPLIST_FILE = YES;
				IPHONEOS_DEPLOYMENT_TARGET = 16.2;
				MACOSX_DEPLOYMENT_TARGET = 13.1;
				MARKETING_VERSION = 1.0;
				PRODUCT_BUNDLE_IDENTIFIER = "CalebHan.Swift-Student-ChallengeUITests";
				PRODUCT_NAME = "$(TARGET_NAME)";
				SDKROOT = auto;
				SUPPORTED_PLATFORMS = "iphoneos iphonesimulator macosx";
				SWIFT_EMIT_LOC_STRINGS = NO;
				SWIFT_VERSION = 5.0;
				TARGETED_DEVICE_FAMILY = "1,2";
				TEST_TARGET_NAME = "Swift Student Challenge";
			};
			name = Release;
		};
/* End XCBuildConfiguration section */

/* Begin XCConfigurationList section */
		7796897E29E51B12003240D1 /* Build configuration list for PBXProject "Swift Student Challenge" */ = {
			isa = XCConfigurationList;
			buildConfigurations = (
				779689A629E51B14003240D1 /* Debug */,
				779689A729E51B14003240D1 /* Release */,
			);
			defaultConfigurationIsVisible = 0;
			defaultConfigurationName = Release;
		};
		779689A829E51B14003240D1 /* Build configuration list for PBXNativeTarget "Swift Student Challenge" */ = {
			isa = XCConfigurationList;
			buildConfigurations = (
				779689A929E51B14003240D1 /* Debug */,
				779689AA29E51B14003240D1 /* Release */,
			);
			defaultConfigurationIsVisible = 0;
			defaultConfigurationName = Release;
		};
		779689AB29E51B14003240D1 /* Build configuration list for PBXNativeTarget "Swift Student ChallengeTests" */ = {
			isa = XCConfigurationList;
			buildConfigurations = (
				779689AC29E51B14003240D1 /* Debug */,
				779689AD29E51B14003240D1 /* Release */,
			);
			defaultConfigurationIsVisible = 0;
			defaultConfigurationName = Release;
		};
		779689AE29E51B14003240D1 /* Build configuration list for PBXNativeTarget "Swift Student ChallengeUITests" */ = {
			isa = XCConfigurationList;
			buildConfigurations = (
				779689AF29E51B14003240D1 /* Debug */,
				779689B029E51B14003240D1 /* Release */,
			);
			defaultConfigurationIsVisible = 0;
			defaultConfigurationName = Release;
		};
/* End XCConfigurationList section */
	};
	rootObject = 7796897B29E51B12003240D1 /* Project object */;
}
